{
  "pins" : [
    {
      "identity" : "flexiblesteppedprogressbar",
      "kind" : "remoteSourceControl",
      "location" : "https://github.com/amratab/FlexibleSteppedProgressBar",
      "state" : {
        "revision" : "48802fa37e1395c601331bddc6efb361450255fc",
        "version" : "0.7.2"
      }
    }
  ],
  "version" : 2
}
